
Microsoft Visual Studio Solution File, Format Version 12.00
# Visual Studio Version 17
VisualStudioVersion = 17.8.34330.188
MinimumVisualStudioVersion = 10.0.40219.1
Project("{FAE04EC0-301F-11D3-BF4B-00C04F79EFBC}") = "nexrad.models", "nexrad.models\nexrad.models.csproj", "{7A53ABC0-20B1-4BD2-81F5-159D32040F90}"
EndProject
Project("{FAE04EC0-301F-11D3-BF4B-00C04F79EFBC}") = "nexrad.reader", "nexrad.level2.reader\nexrad.reader.csproj", "{8E6201B8-E342-473A-84A8-48CCA02D420A}"
EndProject
Project("{FAE04EC0-301F-11D3-BF4B-00C04F79EFBC}") = "nexrad.api", "nexrad.api\nexrad.api.csproj", "{9655D45D-CF10-49A5-8606-263AAF2AD653}"
EndProject
Project("{FAE04EC0-301F-11D3-BF4B-00C04F79EFBC}") = "nexrad.web", "nexrad.web\nexrad.web.csproj", "{6115EE16-D390-4213-BC28-901C99BAF4B3}"
EndProject
Global
	GlobalSection(SolutionConfigurationPlatforms) = preSolution
		Debug|Any CPU = Debug|Any CPU
		Release|Any CPU = Release|Any CPU
	EndGlobalSection
	GlobalSection(ProjectConfigurationPlatforms) = postSolution
		{7A53ABC0-20B1-4BD2-81F5-159D32040F90}.Debug|Any CPU.ActiveCfg = Debug|Any CPU
		{7A53ABC0-20B1-4BD2-81F5-159D32040F90}.Debug|Any CPU.Build.0 = Debug|Any CPU
		{7A53ABC0-20B1-4BD2-81F5-159D32040F90}.Release|Any CPU.ActiveCfg = Release|Any CPU
		{7A53ABC0-20B1-4BD2-81F5-159D32040F90}.Release|Any CPU.Build.0 = Release|Any CPU
		{8E6201B8-E342-473A-84A8-48CCA02D420A}.Debug|Any CPU.ActiveCfg = Debug|Any CPU
		{8E6201B8-E342-473A-84A8-48CCA02D420A}.Debug|Any CPU.Build.0 = Debug|Any CPU
		{8E6201B8-E342-473A-84A8-48CCA02D420A}.Release|Any CPU.ActiveCfg = Release|Any CPU
		{8E6201B8-E342-473A-84A8-48CCA02D420A}.Release|Any CPU.Build.0 = Release|Any CPU
		{9655D45D-CF10-49A5-8606-263AAF2AD653}.Debug|Any CPU.ActiveCfg = Debug|Any CPU
		{9655D45D-CF10-49A5-8606-263AAF2AD653}.Debug|Any CPU.Build.0 = Debug|Any CPU
		{9655D45D-CF10-49A5-8606-263AAF2AD653}.Release|Any CPU.ActiveCfg = Release|Any CPU
		{9655D45D-CF10-49A5-8606-263AAF2AD653}.Release|Any CPU.Build.0 = Release|Any CPU
		{6115EE16-D390-4213-BC28-901C99BAF4B3}.Debug|Any CPU.ActiveCfg = Debug|Any CPU
		{6115EE16-D390-4213-BC28-901C99BAF4B3}.Debug|Any CPU.Build.0 = Debug|Any CPU
		{6115EE16-D390-4213-BC28-901C99BAF4B3}.Release|Any CPU.ActiveCfg = Release|Any CPU
		{6115EE16-D390-4213-BC28-901C99BAF4B3}.Release|Any CPU.Build.0 = Release|Any CPU
	EndGlobalSection
	GlobalSection(SolutionProperties) = preSolution
		HideSolutionNode = FALSE
	EndGlobalSection
	GlobalSection(ExtensibilityGlobals) = postSolution
		SolutionGuid = {AF2EF3FF-E1BA-4FCC-8F6B-E82B5F64456E}
	EndGlobalSection
EndGlobal
